{
  "name": "02-end-to-end",
  "lockfileVersion": 3,
  "requires": true,
  "packages": {
    "": {
      "dependencies": {
        "pending": "^0.1.0"
      }
    },
    "node_modules/method": {
      "version": "1.0.2",
      "resolved": "https://registry.npmjs.org/method/-/method-1.0.2.tgz",
      "integrity": "sha512-0BxVo2fPZK1gOfbQ7V8MWyiNLB+8dv8rREcOeQHnZdPZgUbdzXUUiqPszm8DY8sTk1ewWyloU6QSMUwF5+jc6Q=="
    },
    "node_modules/pending": {
      "version": "0.1.0",
      "resolved": "https://registry.npmjs.org/pending/-/pending-0.1.0.tgz",
      "integrity": "sha512-zNmepxfo3ilkYwDu87wLa2eDmFXyDjLI52nX8DzHp1iklczR90KIQb5qN7858p3CGG0s5jBVn1fFcolNFqZNxQ==",
      "dependencies": {
        "method": "~1.0.0"
      }
    }
  }
}
